
Microsoft Visual Studio Solution File, Format Version 12.00
# Visual Studio 15
VisualStudioVersion = 15.0.34930.48
MinimumVisualStudioVersion = 10.0.40219.1
Project("{2150E333-8FDC-42A3-9474-1A3956D46DE8}") = "Solution Items", "Solution Items", "{E6CCCDC9-7F6B-4F2F-B254-68B9A1DAAD03}"
	ProjectSection(SolutionItems) = preProject
		Form.css = Form.css
		Form.html = Form.html
	EndProjectSection
EndProject
Global
	GlobalSection(SolutionProperties) = preSolution
		HideSolutionNode = FALSE
	EndGlobalSection
	GlobalSection(ExtensibilityGlobals) = postSolution
		SolutionGuid = {A177D4D7-3112-4126-971D-66E346C067EC}
	EndGlobalSection
EndGlobal
