
Microsoft Visual Studio Solution File, Format Version 12.00
# Visual Studio 15
VisualStudioVersion = 15.0.34930.48
MinimumVisualStudioVersion = 10.0.40219.1
Project("{2150E333-8FDC-42A3-9474-1A3956D46DE8}") = "Solution Items", "Solution Items", "{26E6EBC2-880F-4F75-A059-D972F6B67676}"
	ProjectSection(SolutionItems) = preProject
		calc.css = calc.css
		Calc.html = Calc.html
		index.html = index.html
		style.css = style.css
	EndProjectSection
EndProject
Global
	GlobalSection(SolutionProperties) = preSolution
		HideSolutionNode = FALSE
	EndGlobalSection
	GlobalSection(ExtensibilityGlobals) = postSolution
		SolutionGuid = {F03E94AA-CDFE-4749-B862-26BAF7A0F167}
	EndGlobalSection
EndGlobal
